
Microsoft Visual Studio Solution File, Format Version 12.00
# Visual Studio Version 17
VisualStudioVersion = 17.11.35327.3
MinimumVisualStudioVersion = 10.0.40219.1
Project("{9A19103F-16F7-4668-BE54-9A1E7A4F7556}") = "WebApplication2.Test", "WebApplication2.Test.csproj", "{BC214A78-6C0D-47AD-9793-C463E587E397}"
EndProject
Global
	GlobalSection(SolutionConfigurationPlatforms) = preSolution
		Debug|Any CPU = Debug|Any CPU
		Release|Any CPU = Release|Any CPU
	EndGlobalSection
	GlobalSection(ProjectConfigurationPlatforms) = postSolution
		{BC214A78-6C0D-47AD-9793-C463E587E397}.Debug|Any CPU.ActiveCfg = Debug|Any CPU
		{BC214A78-6C0D-47AD-9793-C463E587E397}.Debug|Any CPU.Build.0 = Debug|Any CPU
		{BC214A78-6C0D-47AD-9793-C463E587E397}.Release|Any CPU.ActiveCfg = Release|Any CPU
		{BC214A78-6C0D-47AD-9793-C463E587E397}.Release|Any CPU.Build.0 = Release|Any CPU
	EndGlobalSection
	GlobalSection(SolutionProperties) = preSolution
		HideSolutionNode = FALSE
	EndGlobalSection
	GlobalSection(ExtensibilityGlobals) = postSolution
		SolutionGuid = {7692C54B-A503-44E6-999A-8D429FF16AD7}
	EndGlobalSection
EndGlobal
